DEPENDENCIES
  consul (~> 3.1)
  dnsmasq (~> 0.2)
  golang (~> 1.7)
  hashicorp-vault (~> 2.5)
  hostname (~> 0.4)
  ntp (~> 3.6.0)
  ohai (~> 5.2)
  redisio (~> 2.7)
  ssh_known_hosts (~> 6.2)
  sysctl (~> 1.0)
  timezone_iii (~> 1.1)
  trusted_certificate (~> 3.2)

GRAPH
  build-essential (8.2.1)
    mingw (>= 1.1)
    seven_zip (>= 0.0.0)
  consul (3.1.0)
    build-essential (>= 0.0.0)
    golang (>= 0.0.0)
    nssm (>= 4.0.0)
    poise (~> 2.2)
    poise-archive (~> 1.3)
    poise-service (~> 1.4)
  dnsmasq (0.2.0)
    hosts_file (>= 0.0.0)
  golang (1.7.0)
  hashicorp-vault (2.5.0)
    build-essential (>= 0.0.0)
    golang (~> 1.7)
    poise (~> 2.6)
    poise-service (~> 1.1)
    rubyzip (~> 1.0)
  hostname (0.4.2)
    hostsfile (>= 0.0.0)
  hosts_file (0.2.2)
  hostsfile (3.0.1)
  mingw (2.1.0)
    seven_zip (>= 0.0.0)
  nssm (4.0.1)
    windows (>= 0.0.0)
  ntp (3.6.0)
  ohai (5.2.5)
  poise (2.8.2)
  poise-archive (1.5.0)
    poise (~> 2.6)
  poise-service (1.5.2)
    poise (~> 2.0)
  redisio (2.7.1)
    build-essential (>= 0.0.0)
    selinux_policy (>= 0.0.0)
    ulimit (>= 0.1.2)
  rubyzip (1.3.1)
    poise (~> 2.2)
  selinux_policy (2.1.0)
  seven_zip (3.0.0)
    windows (>= 0.0.0)
  ssh_known_hosts (6.2.0)
  sysctl (1.0.5)
    ohai (>= 5.0)
  timezone_iii (1.1.6)
  trusted_certificate (3.2.0)
  ulimit (1.0.0)
  windows (5.1.1)
